
Microsoft Visual Studio Solution File, Format Version 12.00
# Visual Studio Version 17
VisualStudioVersion = 17.6.33829.357
MinimumVisualStudioVersion = 10.0.40219.1
Project("{9A19103F-16F7-4668-BE54-9A1E7A4F7556}") = "ConsoleApp1", "ConsoleApp1\ConsoleApp1.csproj", "{0814017F-3D4B-4852-A18C-B63E9456EF8F}"
EndProject
Project("{9A19103F-16F7-4668-BE54-9A1E7A4F7556}") = "oop", "oop\oop.csproj", "{66CE5541-DD84-4C70-9FD8-B3B3E2A91FC8}"
EndProject
Project("{FAE04EC0-301F-11D3-BF4B-00C04F79EFBC}") = "oop2", "oop2\oop2.csproj", "{CD37F6C5-E650-449D-BA87-1F154238FCD8}"
EndProject
Global
	GlobalSection(SolutionConfigurationPlatforms) = preSolution
		Debug|Any CPU = Debug|Any CPU
		Release|Any CPU = Release|Any CPU
	EndGlobalSection
	GlobalSection(ProjectConfigurationPlatforms) = postSolution
		{0814017F-3D4B-4852-A18C-B63E9456EF8F}.Debug|Any CPU.ActiveCfg = Debug|Any CPU
		{0814017F-3D4B-4852-A18C-B63E9456EF8F}.Debug|Any CPU.Build.0 = Debug|Any CPU
		{0814017F-3D4B-4852-A18C-B63E9456EF8F}.Release|Any CPU.ActiveCfg = Release|Any CPU
		{0814017F-3D4B-4852-A18C-B63E9456EF8F}.Release|Any CPU.Build.0 = Release|Any CPU
		{66CE5541-DD84-4C70-9FD8-B3B3E2A91FC8}.Debug|Any CPU.ActiveCfg = Debug|Any CPU
		{66CE5541-DD84-4C70-9FD8-B3B3E2A91FC8}.Debug|Any CPU.Build.0 = Debug|Any CPU
		{66CE5541-DD84-4C70-9FD8-B3B3E2A91FC8}.Release|Any CPU.ActiveCfg = Release|Any CPU
		{66CE5541-DD84-4C70-9FD8-B3B3E2A91FC8}.Release|Any CPU.Build.0 = Release|Any CPU
		{CD37F6C5-E650-449D-BA87-1F154238FCD8}.Debug|Any CPU.ActiveCfg = Debug|Any CPU
		{CD37F6C5-E650-449D-BA87-1F154238FCD8}.Debug|Any CPU.Build.0 = Debug|Any CPU
		{CD37F6C5-E650-449D-BA87-1F154238FCD8}.Release|Any CPU.ActiveCfg = Release|Any CPU
		{CD37F6C5-E650-449D-BA87-1F154238FCD8}.Release|Any CPU.Build.0 = Release|Any CPU
	EndGlobalSection
	GlobalSection(SolutionProperties) = preSolution
		HideSolutionNode = FALSE
	EndGlobalSection
	GlobalSection(ExtensibilityGlobals) = postSolution
		SolutionGuid = {2C54D532-53A0-4EAB-848D-7C4E0EFCC0C0}
	EndGlobalSection
EndGlobal
